Microsoft Visual Studio Solution File, Format Version 11.00
# Visual Studio 2008

Project("{8D6A5031-CC9D-49DF-A75D-336A17F3C848}") = "TestArduino", "Assembly-CSharp.csproj", "{96220BDF-193C-856E-09DB-F91EDB3B279B}"
EndProject
Global
	GlobalSection(SolutionConfigurationPlatforms) = preSolution
		Debug|Any CPU = Debug|Any CPU
		Release|Any CPU = Release|Any CPU
	EndGlobalSection
	GlobalSection(ProjectConfigurationPlatforms) = postSolution
		{96220BDF-193C-856E-09DB-F91EDB3B279B}.Debug|Any CPU.ActiveCfg = Debug|Any CPU
		{96220BDF-193C-856E-09DB-F91EDB3B279B}.Debug|Any CPU.Build.0 = Debug|Any CPU
		{96220BDF-193C-856E-09DB-F91EDB3B279B}.Release|Any CPU.ActiveCfg = Release|Any CPU
		{96220BDF-193C-856E-09DB-F91EDB3B279B}.Release|Any CPU.Build.0 = Release|Any CPU
	EndGlobalSection
	GlobalSection(SolutionProperties) = preSolution
		HideSolutionNode = FALSE
	EndGlobalSection
	GlobalSection(MonoDevelopProperties) = preSolution
		StartupItem = Assembly-CSharp.csproj
	EndGlobalSection
EndGlobal
